
Microsoft Visual Studio Solution File, Format Version 12.00
# Visual Studio Version 17
VisualStudioVersion = 17.9.34622.214
MinimumVisualStudioVersion = 10.0.40219.1
Project("{FAE04EC0-301F-11D3-BF4B-00C04F79EFBC}") = "temppractise", "temppractise.csproj", "{35C9CED1-C6D1-4564-9D83-DC2B7713ACAD}"
EndProject
Global
	GlobalSection(SolutionConfigurationPlatforms) = preSolution
		Debug|Any CPU = Debug|Any CPU
		Release|Any CPU = Release|Any CPU
	EndGlobalSection
	GlobalSection(ProjectConfigurationPlatforms) = postSolution
		{35C9CED1-C6D1-4564-9D83-DC2B7713ACAD}.Debug|Any CPU.ActiveCfg = Debug|Any CPU
		{35C9CED1-C6D1-4564-9D83-DC2B7713ACAD}.Debug|Any CPU.Build.0 = Debug|Any CPU
		{35C9CED1-C6D1-4564-9D83-DC2B7713ACAD}.Release|Any CPU.ActiveCfg = Release|Any CPU
		{35C9CED1-C6D1-4564-9D83-DC2B7713ACAD}.Release|Any CPU.Build.0 = Release|Any CPU
	EndGlobalSection
	GlobalSection(SolutionProperties) = preSolution
		HideSolutionNode = FALSE
	EndGlobalSection
	GlobalSection(ExtensibilityGlobals) = postSolution
		SolutionGuid = {3F20730A-3ABF-46D1-BC2F-5E0109385C8A}
	EndGlobalSection
EndGlobal
